
Microsoft Visual Studio Solution File, Format Version 12.00
# Visual Studio Version 17
VisualStudioVersion = 17.11.35219.272
MinimumVisualStudioVersion = 10.0.40219.1
Project("{9A19103F-16F7-4668-BE54-9A1E7A4F7556}") = "ERP", "ERP\ERP.csproj", "{6A3B2B16-2747-4F6E-AE04-413B1D51D0CF}"
EndProject
Project("{FAE04EC0-301F-11D3-BF4B-00C04F79EFBC}") = "ERP.DataAccess", "ERP.DataAccess\ERP.DataAccess.csproj", "{C1110E72-BB1B-4336-B17C-442F2950B81C}"
EndProject
Project("{FAE04EC0-301F-11D3-BF4B-00C04F79EFBC}") = "ERP.Models", "ERP.Models\ERP.Models.csproj", "{8C508034-F165-485B-8955-D386E7EB837A}"
EndProject
Project("{FAE04EC0-301F-11D3-BF4B-00C04F79EFBC}") = "ERP.Utility", "ERP.Utility\ERP.Utility.csproj", "{D1F21C73-6B04-45B9-A95D-E9A8D1AB46FD}"
EndProject
Global
	GlobalSection(SolutionConfigurationPlatforms) = preSolution
		Debug|Any CPU = Debug|Any CPU
		Release|Any CPU = Release|Any CPU
	EndGlobalSection
	GlobalSection(ProjectConfigurationPlatforms) = postSolution
		{6A3B2B16-2747-4F6E-AE04-413B1D51D0CF}.Debug|Any CPU.ActiveCfg = Debug|Any CPU
		{6A3B2B16-2747-4F6E-AE04-413B1D51D0CF}.Debug|Any CPU.Build.0 = Debug|Any CPU
		{6A3B2B16-2747-4F6E-AE04-413B1D51D0CF}.Release|Any CPU.ActiveCfg = Release|Any CPU
		{6A3B2B16-2747-4F6E-AE04-413B1D51D0CF}.Release|Any CPU.Build.0 = Release|Any CPU
		{C1110E72-BB1B-4336-B17C-442F2950B81C}.Debug|Any CPU.ActiveCfg = Debug|Any CPU
		{C1110E72-BB1B-4336-B17C-442F2950B81C}.Debug|Any CPU.Build.0 = Debug|Any CPU
		{C1110E72-BB1B-4336-B17C-442F2950B81C}.Release|Any CPU.ActiveCfg = Release|Any CPU
		{C1110E72-BB1B-4336-B17C-442F2950B81C}.Release|Any CPU.Build.0 = Release|Any CPU
		{8C508034-F165-485B-8955-D386E7EB837A}.Debug|Any CPU.ActiveCfg = Debug|Any CPU
		{8C508034-F165-485B-8955-D386E7EB837A}.Debug|Any CPU.Build.0 = Debug|Any CPU
		{8C508034-F165-485B-8955-D386E7EB837A}.Release|Any CPU.ActiveCfg = Release|Any CPU
		{8C508034-F165-485B-8955-D386E7EB837A}.Release|Any CPU.Build.0 = Release|Any CPU
		{D1F21C73-6B04-45B9-A95D-E9A8D1AB46FD}.Debug|Any CPU.ActiveCfg = Debug|Any CPU
		{D1F21C73-6B04-45B9-A95D-E9A8D1AB46FD}.Debug|Any CPU.Build.0 = Debug|Any CPU
		{D1F21C73-6B04-45B9-A95D-E9A8D1AB46FD}.Release|Any CPU.ActiveCfg = Release|Any CPU
		{D1F21C73-6B04-45B9-A95D-E9A8D1AB46FD}.Release|Any CPU.Build.0 = Release|Any CPU
	EndGlobalSection
	GlobalSection(SolutionProperties) = preSolution
		HideSolutionNode = FALSE
	EndGlobalSection
	GlobalSection(ExtensibilityGlobals) = postSolution
		SolutionGuid = {7B439FBD-0515-4A7E-999C-EA9D3D3A3C6D}
	EndGlobalSection
EndGlobal
