
Microsoft Visual Studio Solution File, Format Version 12.00
# Visual Studio Version 17
VisualStudioVersion = 17.11.35303.130
MinimumVisualStudioVersion = 10.0.40219.1
Project("{9A19103F-16F7-4668-BE54-9A1E7A4F7556}") = "ERP", "ERP\ERP.csproj", "{D5A8B437-3513-47BB-8CAC-26EF618CCF53}"
EndProject
Project("{FAE04EC0-301F-11D3-BF4B-00C04F79EFBC}") = "ERP.DataAccess", "ERP.DataAccess\ERP.DataAccess.csproj", "{186CBE84-F7F9-4924-95D6-4374DF282462}"
EndProject
Project("{FAE04EC0-301F-11D3-BF4B-00C04F79EFBC}") = "ERP.Models", "ERP.Models\ERP.Models.csproj", "{A9F075C9-B529-4C09-A0C7-EF8AE3C49844}"
EndProject
Project("{FAE04EC0-301F-11D3-BF4B-00C04F79EFBC}") = "ERP.Utility", "ERP.Utility\ERP.Utility.csproj", "{D002B76A-A567-4C17-B922-165728D71C2D}"
EndProject
Global
	GlobalSection(SolutionConfigurationPlatforms) = preSolution
		Debug|Any CPU = Debug|Any CPU
		Release|Any CPU = Release|Any CPU
	EndGlobalSection
	GlobalSection(ProjectConfigurationPlatforms) = postSolution
		{D5A8B437-3513-47BB-8CAC-26EF618CCF53}.Debug|Any CPU.ActiveCfg = Debug|Any CPU
		{D5A8B437-3513-47BB-8CAC-26EF618CCF53}.Debug|Any CPU.Build.0 = Debug|Any CPU
		{D5A8B437-3513-47BB-8CAC-26EF618CCF53}.Release|Any CPU.ActiveCfg = Release|Any CPU
		{D5A8B437-3513-47BB-8CAC-26EF618CCF53}.Release|Any CPU.Build.0 = Release|Any CPU
		{186CBE84-F7F9-4924-95D6-4374DF282462}.Debug|Any CPU.ActiveCfg = Debug|Any CPU
		{186CBE84-F7F9-4924-95D6-4374DF282462}.Debug|Any CPU.Build.0 = Debug|Any CPU
		{186CBE84-F7F9-4924-95D6-4374DF282462}.Release|Any CPU.ActiveCfg = Release|Any CPU
		{186CBE84-F7F9-4924-95D6-4374DF282462}.Release|Any CPU.Build.0 = Release|Any CPU
		{A9F075C9-B529-4C09-A0C7-EF8AE3C49844}.Debug|Any CPU.ActiveCfg = Debug|Any CPU
		{A9F075C9-B529-4C09-A0C7-EF8AE3C49844}.Debug|Any CPU.Build.0 = Debug|Any CPU
		{A9F075C9-B529-4C09-A0C7-EF8AE3C49844}.Release|Any CPU.ActiveCfg = Release|Any CPU
		{A9F075C9-B529-4C09-A0C7-EF8AE3C49844}.Release|Any CPU.Build.0 = Release|Any CPU
		{D002B76A-A567-4C17-B922-165728D71C2D}.Debug|Any CPU.ActiveCfg = Debug|Any CPU
		{D002B76A-A567-4C17-B922-165728D71C2D}.Debug|Any CPU.Build.0 = Debug|Any CPU
		{D002B76A-A567-4C17-B922-165728D71C2D}.Release|Any CPU.ActiveCfg = Release|Any CPU
		{D002B76A-A567-4C17-B922-165728D71C2D}.Release|Any CPU.Build.0 = Release|Any CPU
	EndGlobalSection
	GlobalSection(SolutionProperties) = preSolution
		HideSolutionNode = FALSE
	EndGlobalSection
	GlobalSection(ExtensibilityGlobals) = postSolution
		SolutionGuid = {3ED6D4AE-22A4-4E42-A1CC-A8FFD67DD923}
	EndGlobalSection
EndGlobal
